// !$*UTF8*$!
{
	archiveVersion = 1;
	classes = {
	};
	objectVersion = 50;
	objects = {

/* Begin PBXBuildFile section */
		4152053825D5C10A00851AE6 /* AppDelegate.swift in Sources */ = {isa = PBXBuildFile; fileRef = 4152053725D5C10A00851AE6 /* AppDelegate.swift */; };
		4152053A25D5C10A00851AE6 /* SceneDelegate.swift in Sources */ = {isa = PBXBuildFile; fileRef = 4152053925D5C10A00851AE6 /* SceneDelegate.swift */; };
		4152053E25D5C10B00851AE6 /* Assets.xcassets in Resources */ = {isa = PBXBuildFile; fileRef = 4152053D25D5C10B00851AE6 /* Assets.xcassets */; };
		4152054125D5C10B00851AE6 /* Preview Assets.xcassets in Resources */ = {isa = PBXBuildFile; fileRef = 4152054025D5C10B00851AE6 /* Preview Assets.xcassets */; };
		4152054425D5C10B00851AE6 /* LaunchScreen.storyboard in Resources */ = {isa = PBXBuildFile; fileRef = 4152054225D5C10B00851AE6 /* LaunchScreen.storyboard */; };
		4152055225D5DD1100851AE6 /* ModesModel.swift in Sources */ = {isa = PBXBuildFile; fileRef = 4152055125D5DD1100851AE6 /* ModesModel.swift */; };
		4152055525D6EEA100851AE6 /* HomeScreenView.swift in Sources */ = {isa = PBXBuildFile; fileRef = 4152055425D6EEA100851AE6 /* HomeScreenView.swift */; };
		4152055D25D6EF4C00851AE6 /* ModesVM.swift in Sources */ = {isa = PBXBuildFile; fileRef = 4152055C25D6EF4C00851AE6 /* ModesVM.swift */; };
		4152056325D8408A00851AE6 /* CategoryView.swift in Sources */ = {isa = PBXBuildFile; fileRef = 4152056225D8408A00851AE6 /* CategoryView.swift */; };
		4152056625D8422A00851AE6 /* SongView.swift in Sources */ = {isa = PBXBuildFile; fileRef = 4152056525D8422A00851AE6 /* SongView.swift */; };
		4152056925D8478800851AE6 /* ChordView.swift in Sources */ = {isa = PBXBuildFile; fileRef = 4152056825D8478800851AE6 /* ChordView.swift */; };
		4152057025D8789400851AE6 /* ProgressionView.swift in Sources */ = {isa = PBXBuildFile; fileRef = 4152056F25D8789400851AE6 /* ProgressionView.swift */; };
		4152058225D97F1200851AE6 /* ChordSounds.swift in Sources */ = {isa = PBXBuildFile; fileRef = 4152058125D97F1200851AE6 /* ChordSounds.swift */; };
		4152059725DC03E800851AE6 /* Bdim.mp3 in Resources */ = {isa = PBXBuildFile; fileRef = 4152059025DC03E800851AE6 /* Bdim.mp3 */; };
		4152059825DC03E800851AE6 /* Amin.mp3 in Resources */ = {isa = PBXBuildFile; fileRef = 4152059125DC03E800851AE6 /* Amin.mp3 */; };
		4152059925DC03E800851AE6 /* FMaj.mp3 in Resources */ = {isa = PBXBuildFile; fileRef = 4152059225DC03E800851AE6 /* FMaj.mp3 */; };
		4152059A25DC03E800851AE6 /* Dmin.mp3 in Resources */ = {isa = PBXBuildFile; fileRef = 4152059325DC03E800851AE6 /* Dmin.mp3 */; };
		4152059B25DC03E800851AE6 /* Emin.mp3 in Resources */ = {isa = PBXBuildFile; fileRef = 4152059425DC03E800851AE6 /* Emin.mp3 */; };
		4152059C25DC03E800851AE6 /* GMaj.mp3 in Resources */ = {isa = PBXBuildFile; fileRef = 4152059525DC03E800851AE6 /* GMaj.mp3 */; };
		4152059D25DC03E800851AE6 /* CMaj.mp3 in Resources */ = {isa = PBXBuildFile; fileRef = 4152059625DC03E800851AE6 /* CMaj.mp3 */; };
/* End PBXBuildFile section */

/* Begin PBXFileReference section */
		4152053425D5C10A00851AE6 /* MusicalModes.app */ = {isa = PBXFileReference; explicitFileType = wrapper.application; includeInIndex = 0; path = MusicalModes.app; sourceTree = BUILT_PRODUCTS_DIR; };
		4152053725D5C10A00851AE6 /* AppDelegate.swift */ = {isa = PBXFileReference; lastKnownFileType = sourcecode.swift; path = AppDelegate.swift; sourceTree = "<group>"; };
		4152053925D5C10A00851AE6 /* SceneDelegate.swift */ = {isa = PBXFileReference; lastKnownFileType = sourcecode.swift; path = SceneDelegate.swift; sourceTree = "<group>"; };
		4152053D25D5C10B00851AE6 /* Assets.xcassets */ = {isa = PBXFileReference; lastKnownFileType = folder.assetcatalog; path = Assets.xcassets; sourceTree = "<group>"; };
		4152054025D5C10B00851AE6 /* Preview Assets.xcassets */ = {isa = PBXFileReference; lastKnownFileType = folder.assetcatalog; path = "Preview Assets.xcassets"; sourceTree = "<group>"; };
		4152054325D5C10B00851AE6 /* Base */ = {isa = PBXFileReference; lastKnownFileType = file.storyboard; name = Base; path = Base.lproj/LaunchScreen.storyboard; sourceTree = "<group>"; };
		4152054525D5C10B00851AE6 /* Info.plist */ = {isa = PBXFileReference; lastKnownFileType = text.plist.xml; path = Info.plist; sourceTree = "<group>"; };
		4152055125D5DD1100851AE6 /* ModesModel.swift */ = {isa = PBXFileReference; lastKnownFileType = sourcecode.swift; path = ModesModel.swift; sourceTree = "<group>"; };
		4152055425D6EEA100851AE6 /* HomeScreenView.swift */ = {isa = PBXFileReference; fileEncoding = 4; lastKnownFileType = sourcecode.swift; path = HomeScreenView.swift; sourceTree = "<group>"; };
		4152055C25D6EF4C00851AE6 /* ModesVM.swift */ = {isa = PBXFileReference; lastKnownFileType = sourcecode.swift; path = ModesVM.swift; sourceTree = "<group>"; };
		4152056225D8408A00851AE6 /* CategoryView.swift */ = {isa = PBXFileReference; lastKnownFileType = sourcecode.swift; name = CategoryView.swift; path = MusicalModes/Views/CategoryView.swift; sourceTree = SOURCE_ROOT; };
		4152056525D8422A00851AE6 /* SongView.swift */ = {isa = PBXFileReference; lastKnownFileType = sourcecode.swift; path = SongView.swift; sourceTree = "<group>"; };
		4152056825D8478800851AE6 /* ChordView.swift */ = {isa = PBXFileReference; lastKnownFileType = sourcecode.swift; name = ChordView.swift; path = MusicalModes/Views/ChordView.swift; sourceTree = SOURCE_ROOT; };
		4152056F25D8789400851AE6 /* ProgressionView.swift */ = {isa = PBXFileReference; lastKnownFileType = sourcecode.swift; name = ProgressionView.swift; path = MusicalModes/Views/ProgressionView.swift; sourceTree = SOURCE_ROOT; };
		4152058125D97F1200851AE6 /* ChordSounds.swift */ = {isa = PBXFileReference; lastKnownFileType = sourcecode.swift; name = ChordSounds.swift; path = MusicalModes/ChordSounds.swift; sourceTree = SOURCE_ROOT; };
		4152059025DC03E800851AE6 /* Bdim.mp3 */ = {isa = PBXFileReference; lastKnownFileType = audio.mp3; path = Bdim.mp3; sourceTree = "<group>"; };
		4152059125DC03E800851AE6 /* Amin.mp3 */ = {isa = PBXFileReference; lastKnownFileType = audio.mp3; path = Amin.mp3; sourceTree = "<group>"; };
		4152059225DC03E800851AE6 /* FMaj.mp3 */ = {isa = PBXFileReference; lastKnownFileType = audio.mp3; path = FMaj.mp3; sourceTree = "<group>"; };
		4152059325DC03E800851AE6 /* Dmin.mp3 */ = {isa = PBXFileReference; lastKnownFileType = audio.mp3; path = Dmin.mp3; sourceTree = "<group>"; };
		4152059425DC03E800851AE6 /* Emin.mp3 */ = {isa = PBXFileReference; lastKnownFileType = audio.mp3; path = Emin.mp3; sourceTree = "<group>"; };
		4152059525DC03E800851AE6 /* GMaj.mp3 */ = {isa = PBXFileReference; lastKnownFileType = audio.mp3; path = GMaj.mp3; sourceTree = "<group>"; };
		4152059625DC03E800851AE6 /* CMaj.mp3 */ = {isa = PBXFileReference; lastKnownFileType = audio.mp3; path = CMaj.mp3; sourceTree = "<group>"; };
/* End PBXFileReference section */

/* Begin PBXFrameworksBuildPhase section */
		4152053125D5C10A00851AE6 /* Frameworks */ = {
			isa = PBXFrameworksBuildPhase;
			buildActionMask = 2147483647;
			files = (
			);
			runOnlyForDeploymentPostprocessing = 0;
		};
/* End PBXFrameworksBuildPhase section */

/* Begin PBXGroup section */
		4152052B25D5C10A00851AE6 = {
			isa = PBXGroup;
			children = (
				4152053625D5C10A00851AE6 /* MusicalModes */,
				4152053525D5C10A00851AE6 /* Products */,
			);
			sourceTree = "<group>";
		};
		4152053525D5C10A00851AE6 /* Products */ = {
			isa = PBXGroup;
			children = (
				4152053425D5C10A00851AE6 /* MusicalModes.app */,
			);
			name = Products;
			sourceTree = "<group>";
		};
		4152053625D5C10A00851AE6 /* MusicalModes */ = {
			isa = PBXGroup;
			children = (
				4152058525D97F3700851AE6 /* Views */,
				4152055C25D6EF4C00851AE6 /* ModesVM.swift */,
				4152058125D97F1200851AE6 /* ChordSounds.swift */,
				4152055125D5DD1100851AE6 /* ModesModel.swift */,
				4152053925D5C10A00851AE6 /* SceneDelegate.swift */,
				4152056525D8422A00851AE6 /* SongView.swift */,
				4152053725D5C10A00851AE6 /* AppDelegate.swift */,
				4152057825D9750300851AE6 /* Sounds */,
				4152053D25D5C10B00851AE6 /* Assets.xcassets */,
				4152054225D5C10B00851AE6 /* LaunchScreen.storyboard */,
				4152054525D5C10B00851AE6 /* Info.plist */,
				4152053F25D5C10B00851AE6 /* Preview Content */,
			);
			path = MusicalModes;
			sourceTree = "<group>";
		};
		4152053F25D5C10B00851AE6 /* Preview Content */ = {
			isa = PBXGroup;
			children = (
				4152054025D5C10B00851AE6 /* Preview Assets.xcassets */,
			);
			path = "Preview Content";
			sourceTree = "<group>";
		};
		4152057825D9750300851AE6 /* Sounds */ = {
			isa = PBXGroup;
			children = (
				4152059125DC03E800851AE6 /* Amin.mp3 */,
				4152059025DC03E800851AE6 /* Bdim.mp3 */,
				4152059625DC03E800851AE6 /* CMaj.mp3 */,
				4152059325DC03E800851AE6 /* Dmin.mp3 */,
				4152059425DC03E800851AE6 /* Emin.mp3 */,
				4152059225DC03E800851AE6 /* FMaj.mp3 */,
				4152059525DC03E800851AE6 /* GMaj.mp3 */,
			);
			path = Sounds;
			sourceTree = "<group>";
		};
		4152058525D97F3700851AE6 /* Views */ = {
			isa = PBXGroup;
			children = (
				4152055425D6EEA100851AE6 /* HomeScreenView.swift */,
				4152056225D8408A00851AE6 /* CategoryView.swift */,
				4152056825D8478800851AE6 /* ChordView.swift */,
				4152056F25D8789400851AE6 /* ProgressionView.swift */,
			);
			path = Views;
			sourceTree = "<group>";
		};
/* End PBXGroup section */

/* Begin PBXNativeTarget section */
		4152053325D5C10A00851AE6 /* MusicalModes */ = {
			isa = PBXNativeTarget;
			buildConfigurationList = 4152054825D5C10B00851AE6 /* Build configuration list for PBXNativeTarget "MusicalModes" */;
			buildPhases = (
				4152053025D5C10A00851AE6 /* Sources */,
				4152053125D5C10A00851AE6 /* Frameworks */,
				4152053225D5C10A00851AE6 /* Resources */,
			);
			buildRules = (
			);
			dependencies = (
			);
			name = MusicalModes;
			productName = MusicalModes;
			productReference = 4152053425D5C10A00851AE6 /* MusicalModes.app */;
			productType = "com.apple.product-type.application";
		};
/* End PBXNativeTarget section */

/* Begin PBXProject section */
		4152052C25D5C10A00851AE6 /* Project object */ = {
			isa = PBXProject;
			attributes = {
				LastSwiftUpdateCheck = 1240;
				LastUpgradeCheck = 1240;
				TargetAttributes = {
					4152053325D5C10A00851AE6 = {
						CreatedOnToolsVersion = 12.4;
					};
				};
			};
			buildConfigurationList = 4152052F25D5C10A00851AE6 /* Build configuration list for PBXProject "MusicalModes" */;
			compatibilityVersion = "Xcode 9.3";
			developmentRegion = en;
			hasScannedForEncodings = 0;
			knownRegions = (
				en,
				Base,
			);
			mainGroup = 4152052B25D5C10A00851AE6;
			productRefGroup = 4152053525D5C10A00851AE6 /* Products */;
			projectDirPath = "";
			projectRoot = "";
			targets = (
				4152053325D5C10A00851AE6 /* MusicalModes */,
			);
		};
/* End PBXProject section */

/* Begin PBXResourcesBuildPhase section */
		4152053225D5C10A00851AE6 /* Resources */ = {
			isa = PBXResourcesBuildPhase;
			buildActionMask = 2147483647;
			files = (
				4152059C25DC03E800851AE6 /* GMaj.mp3 in Resources */,
				4152059925DC03E800851AE6 /* FMaj.mp3 in Resources */,
				4152054425D5C10B00851AE6 /* LaunchScreen.storyboard in Resources */,
				4152054125D5C10B00851AE6 /* Preview Assets.xcassets in Resources */,
				4152059825DC03E800851AE6 /* Amin.mp3 in Resources */,
				4152059725DC03E800851AE6 /* Bdim.mp3 in Resources */,
				4152059A25DC03E800851AE6 /* Dmin.mp3 in Resources */,
				4152059D25DC03E800851AE6 /* CMaj.mp3 in Resources */,
				4152053E25D5C10B00851AE6 /* Assets.xcassets in Resources */,
				4152059B25DC03E800851AE6 /* Emin.mp3 in Resources */,
			);
			runOnlyForDeploymentPostprocessing = 0;
		};
/* End PBXResourcesBuildPhase section */

/* Begin PBXSourcesBuildPhase section */
		4152053025D5C10A00851AE6 /* Sources */ = {
			isa = PBXSourcesBuildPhase;
			buildActionMask = 2147483647;
			files = (
				4152058225D97F1200851AE6 /* ChordSounds.swift in Sources */,
				4152057025D8789400851AE6 /* ProgressionView.swift in Sources */,
				4152053825D5C10A00851AE6 /* AppDelegate.swift in Sources */,
				4152053A25D5C10A00851AE6 /* SceneDelegate.swift in Sources */,
				4152056325D8408A00851AE6 /* CategoryView.swift in Sources */,
				4152056625D8422A00851AE6 /* SongView.swift in Sources */,
				4152055225D5DD1100851AE6 /* ModesModel.swift in Sources */,
				4152056925D8478800851AE6 /* ChordView.swift in Sources */,
				4152055525D6EEA100851AE6 /* HomeScreenView.swift in Sources */,
				4152055D25D6EF4C00851AE6 /* ModesVM.swift in Sources */,
			);
			runOnlyForDeploymentPostprocessing = 0;
		};
/* End PBXSourcesBuildPhase section */

/* Begin PBXVariantGroup section */
		4152054225D5C10B00851AE6 /* LaunchScreen.storyboard */ = {
			isa = PBXVariantGroup;
			children = (
				4152054325D5C10B00851AE6 /* Base */,
			);
			name = LaunchScreen.storyboard;
			sourceTree = "<group>";
		};
/* End PBXVariantGroup section */

/* Begin XCBuildConfiguration section */
		4152054625D5C10B00851AE6 /* Debug */ = {
			isa = XCBuildConfiguration;
			buildSettings = {
				ALWAYS_SEARCH_USER_PATHS = NO;
				CLANG_ANALYZER_NONNULL = YES;
				CLANG_ANALYZER_NUMBER_OBJECT_CONVERSION = YES_AGGRESSIVE;
				CLANG_CXX_LANGUAGE_STANDARD = "gnu++14";
				CLANG_CXX_LIBRARY = "libc++";
				CLANG_ENABLE_MODULES = YES;
				CLANG_ENABLE_OBJC_ARC = YES;
				CLANG_ENABLE_OBJC_WEAK = YES;
				CLANG_WARN_BLOCK_CAPTURE_AUTORELEASING = YES;
				CLANG_WARN_BOOL_CONVERSION = YES;
				CLANG_WARN_COMMA = YES;
				CLANG_WARN_CONSTANT_CONVERSION = YES;
				CLANG_WARN_DEPRECATED_OBJC_IMPLEMENTATIONS = YES;
				CLANG_WARN_DIRECT_OBJC_ISA_USAGE = YES_ERROR;
				CLANG_WARN_DOCUMENTATION_COMMENTS = YES;
				CLANG_WARN_EMPTY_BODY = YES;
				CLANG_WARN_ENUM_CONVERSION = YES;
				CLANG_WARN_INFINITE_RECURSION = YES;
				CLANG_WARN_INT_CONVERSION = YES;
				CLANG_WARN_NON_LITERAL_NULL_CONVERSION = YES;
				CLANG_WARN_OBJC_IMPLICIT_RETAIN_SELF = YES;
				CLANG_WARN_OBJC_LITERAL_CONVERSION = YES;
				CLANG_WARN_OBJC_ROOT_CLASS = YES_ERROR;
				CLANG_WARN_QUOTED_INCLUDE_IN_FRAMEWORK_HEADER = YES;
				CLANG_WARN_RANGE_LOOP_ANALYSIS = YES;
				CLANG_WARN_STRICT_PROTOTYPES = YES;
				CLANG_WARN_SUSPICIOUS_MOVE = YES;
				CLANG_WARN_UNGUARDED_AVAILABILITY = YES_AGGRESSIVE;
				CLANG_WARN_UNREACHABLE_CODE = YES;
				CLANG_WARN__DUPLICATE_METHOD_MATCH = YES;
				COPY_PHASE_STRIP = NO;
				DEBUG_INFORMATION_FORMAT = dwarf;
				ENABLE_STRICT_OBJC_MSGSEND = YES;
				ENABLE_TESTABILITY = YES;
				GCC_C_LANGUAGE_STANDARD = gnu11;
				GCC_DYNAMIC_NO_PIC = NO;
				GCC_NO_COMMON_BLOCKS = YES;
				GCC_OPTIMIZATION_LEVEL = 0;
				GCC_PREPROCESSOR_DEFINITIONS = (
					"DEBUG=1",
					"$(inherited)",
				);
				GCC_WARN_64_TO_32_BIT_CONVERSION = YES;
				GCC_WARN_ABOUT_RETURN_TYPE = YES_ERROR;
				GCC_WARN_UNDECLARED_SELECTOR = YES;
				GCC_WARN_UNINITIALIZED_AUTOS = YES_AGGRESSIVE;
				GCC_WARN_UNUSED_FUNCTION = YES;
				GCC_WARN_UNUSED_VARIABLE = YES;
				IPHONEOS_DEPLOYMENT_TARGET = 14.4;
				MTL_ENABLE_DEBUG_INFO = INCLUDE_SOURCE;
				MTL_FAST_MATH = YES;
				ONLY_ACTIVE_ARCH = YES;
				SDKROOT = iphoneos;
				SWIFT_ACTIVE_COMPILATION_CONDITIONS = DEBUG;
				SWIFT_OPTIMIZATION_LEVEL = "-Onone";
			};
			name = Debug;
		};
		4152054725D5C10B00851AE6 /* Release */ = {
			isa = XCBuildConfiguration;
			buildSettings = {
				ALWAYS_SEARCH_USER_PATHS = NO;
				CLANG_ANALYZER_NONNULL = YES;
				CLANG_ANALYZER_NUMBER_OBJECT_CONVERSION = YES_AGGRESSIVE;
				CLANG_CXX_LANGUAGE_STANDARD = "gnu++14";
				CLANG_CXX_LIBRARY = "libc++";
				CLANG_ENABLE_MODULES = YES;
				CLANG_ENABLE_OBJC_ARC = YES;
				CLANG_ENABLE_OBJC_WEAK = YES;
				CLANG_WARN_BLOCK_CAPTURE_AUTORELEASING = YES;
				CLANG_WARN_BOOL_CONVERSION = YES;
				CLANG_WARN_COMMA = YES;
				CLANG_WARN_CONSTANT_CONVERSION = YES;
				CLANG_WARN_DEPRECATED_OBJC_IMPLEMENTATIONS = YES;
				CLANG_WARN_DIRECT_OBJC_ISA_USAGE = YES_ERROR;
				CLANG_WARN_DOCUMENTATION_COMMENTS = YES;
				CLANG_WARN_EMPTY_BODY = YES;
				CLANG_WARN_ENUM_CONVERSION = YES;
				CLANG_WARN_INFINITE_RECURSION = YES;
				CLANG_WARN_INT_CONVERSION = YES;
				CLANG_WARN_NON_LITERAL_NULL_CONVERSION = YES;
				CLANG_WARN_OBJC_IMPLICIT_RETAIN_SELF = YES;
				CLANG_WARN_OBJC_LITERAL_CONVERSION = YES;
				CLANG_WARN_OBJC_ROOT_CLASS = YES_ERROR;
				CLANG_WARN_QUOTED_INCLUDE_IN_FRAMEWORK_HEADER = YES;
				CLANG_WARN_RANGE_LOOP_ANALYSIS = YES;
				CLANG_WARN_STRICT_PROTOTYPES = YES;
				CLANG_WARN_SUSPICIOUS_MOVE = YES;
				CLANG_WARN_UNGUARDED_AVAILABILITY = YES_AGGRESSIVE;
				CLANG_WARN_UNREACHABLE_CODE = YES;
				CLANG_WARN__DUPLICATE_METHOD_MATCH = YES;
				COPY_PHASE_STRIP = NO;
				DEBUG_INFORMATION_FORMAT = "dwarf-with-dsym";
				ENABLE_NS_ASSERTIONS = NO;
				ENABLE_STRICT_OBJC_MSGSEND = YES;
				GCC_C_LANGUAGE_STANDARD = gnu11;
				GCC_NO_COMMON_BLOCKS = YES;
				GCC_WARN_64_TO_32_BIT_CONVERSION = YES;
				GCC_WARN_ABOUT_RETURN_TYPE = YES_ERROR;
				GCC_WARN_UNDECLARED_SELECTOR = YES;
				GCC_WARN_UNINITIALIZED_AUTOS = YES_AGGRESSIVE;
				GCC_WARN_UNUSED_FUNCTION = YES;
				GCC_WARN_UNUSED_VARIABLE = YES;
				IPHONEOS_DEPLOYMENT_TARGET = 14.4;
				MTL_ENABLE_DEBUG_INFO = NO;
				MTL_FAST_MATH = YES;
				SDKROOT = iphoneos;
				SWIFT_COMPILATION_MODE = wholemodule;
				SWIFT_OPTIMIZATION_LEVEL = "-O";
				VALIDATE_PRODUCT = YES;
			};
			name = Release;
		};
		4152054925D5C10B00851AE6 /* Debug */ = {
			isa = XCBuildConfiguration;
			buildSettings = {
				ASSETCATALOG_COMPILER_APPICON_NAME = AppIcon;
				ASSETCATALOG_COMPILER_GLOBAL_ACCENT_COLOR_NAME = AccentColor;
				CODE_SIGN_STYLE = Automatic;
				DEVELOPMENT_ASSET_PATHS = "\"MusicalModes/Preview Content\"";
				DEVELOPMENT_TEAM = RM7D36M8GX;
				ENABLE_PREVIEWS = YES;
				INFOPLIST_FILE = MusicalModes/Info.plist;
				LD_RUNPATH_SEARCH_PATHS = (
					"$(inherited)",
					"@executable_path/Frameworks",
				);
				PRODUCT_BUNDLE_IDENTIFIER = umd.edu.loumelone.MusicalModes;
				PRODUCT_NAME = "$(TARGET_NAME)";
				SWIFT_VERSION = 5.0;
				TARGETED_DEVICE_FAMILY = "1,2";
			};
			name = Debug;
		};
		4152054A25D5C10B00851AE6 /* Release */ = {
			isa = XCBuildConfiguration;
			buildSettings = {
				ASSETCATALOG_COMPILER_APPICON_NAME = AppIcon;
				ASSETCATALOG_COMPILER_GLOBAL_ACCENT_COLOR_NAME = AccentColor;
				CODE_SIGN_STYLE = Automatic;
				DEVELOPMENT_ASSET_PATHS = "\"MusicalModes/Preview Content\"";
				DEVELOPMENT_TEAM = RM7D36M8GX;
				ENABLE_PREVIEWS = YES;
				INFOPLIST_FILE = MusicalModes/Info.plist;
				LD_RUNPATH_SEARCH_PATHS = (
					"$(inherited)",
					"@executable_path/Frameworks",
				);
				PRODUCT_BUNDLE_IDENTIFIER = umd.edu.loumelone.MusicalModes;
				PRODUCT_NAME = "$(TARGET_NAME)";
				SWIFT_VERSION = 5.0;
				TARGETED_DEVICE_FAMILY = "1,2";
			};
			name = Release;
		};
/* End XCBuildConfiguration section */

/* Begin XCConfigurationList section */
		4152052F25D5C10A00851AE6 /* Build configuration list for PBXProject "MusicalModes" */ = {
			isa = XCConfigurationList;
			buildConfigurations = (
				4152054625D5C10B00851AE6 /* Debug */,
				4152054725D5C10B00851AE6 /* Release */,
			);
			defaultConfigurationIsVisible = 0;
			defaultConfigurationName = Release;
		};
		4152054825D5C10B00851AE6 /* Build configuration list for PBXNativeTarget "MusicalModes" */ = {
			isa = XCConfigurationList;
			buildConfigurations = (
				4152054925D5C10B00851AE6 /* Debug */,
				4152054A25D5C10B00851AE6 /* Release */,
			);
			defaultConfigurationIsVisible = 0;
			defaultConfigurationName = Release;
		};
/* End XCConfigurationList section */
	};
	rootObject = 4152052C25D5C10A00851AE6 /* Project object */;
}
